
Microsoft Visual Studio Solution File, Format Version 12.00
# Visual Studio Version 17
VisualStudioVersion = 17.1.32328.378
MinimumVisualStudioVersion = 10.0.40219.1
Project("{FAE04EC0-301F-11D3-BF4B-00C04F79EFBC}") = "RabbitMQ.publisher", "RabbitMQ.Publisher\RabbitMQ.publisher.csproj", "{43DEBB76-2390-49AC-9271-14BAF25962FF}"
EndProject
Project("{FAE04EC0-301F-11D3-BF4B-00C04F79EFBC}") = "RabitMQ.subcriber", "RabitMQ.subcriber\RabitMQ.subcriber.csproj", "{1FD827A8-2A28-4129-9DAA-F2A78D142F7B}"
EndProject
Global
	GlobalSection(SolutionConfigurationPlatforms) = preSolution
		Debug|Any CPU = Debug|Any CPU
		Release|Any CPU = Release|Any CPU
	EndGlobalSection
	GlobalSection(ProjectConfigurationPlatforms) = postSolution
		{43DEBB76-2390-49AC-9271-14BAF25962FF}.Debug|Any CPU.ActiveCfg = Debug|Any CPU
		{43DEBB76-2390-49AC-9271-14BAF25962FF}.Debug|Any CPU.Build.0 = Debug|Any CPU
		{43DEBB76-2390-49AC-9271-14BAF25962FF}.Release|Any CPU.ActiveCfg = Release|Any CPU
		{43DEBB76-2390-49AC-9271-14BAF25962FF}.Release|Any CPU.Build.0 = Release|Any CPU
		{1FD827A8-2A28-4129-9DAA-F2A78D142F7B}.Debug|Any CPU.ActiveCfg = Debug|Any CPU
		{1FD827A8-2A28-4129-9DAA-F2A78D142F7B}.Debug|Any CPU.Build.0 = Debug|Any CPU
		{1FD827A8-2A28-4129-9DAA-F2A78D142F7B}.Release|Any CPU.ActiveCfg = Release|Any CPU
		{1FD827A8-2A28-4129-9DAA-F2A78D142F7B}.Release|Any CPU.Build.0 = Release|Any CPU
	EndGlobalSection
	GlobalSection(SolutionProperties) = preSolution
		HideSolutionNode = FALSE
	EndGlobalSection
	GlobalSection(ExtensibilityGlobals) = postSolution
		SolutionGuid = {9DF88D82-8EFA-41D0-8672-12D89EDFDD20}
	EndGlobalSection
EndGlobal
